// !$*UTF8*$!
{
	archiveVersion = 1;
	classes = {
	};
	objectVersion = 46;
	objects = {

/* Begin PBXBuildFile section */
		820B84461F165B02007E3C15 /* UserNotifications.framework in Frameworks */ = {isa = PBXBuildFile; fileRef = 820B84451F165B02007E3C15 /* UserNotifications.framework */; };
		820B84481F166DED007E3C15 /* Cartfile in Resources */ = {isa = PBXBuildFile; fileRef = 820B84471F166DED007E3C15 /* Cartfile */; };
		821FC4E21E78F08800A64E94 /* AppDelegate.swift in Sources */ = {isa = PBXBuildFile; fileRef = 821FC4E11E78F08800A64E94 /* AppDelegate.swift */; };
		821FC4E71E78F08800A64E94 /* Main.storyboard in Resources */ = {isa = PBXBuildFile; fileRef = 821FC4E51E78F08800A64E94 /* Main.storyboard */; };
		821FC4EA1E78F08800A64E94 /* OneWord.xcdatamodeld in Sources */ = {isa = PBXBuildFile; fileRef = 821FC4E81E78F08800A64E94 /* OneWord.xcdatamodeld */; };
		821FC4EC1E78F08800A64E94 /* Assets.xcassets in Resources */ = {isa = PBXBuildFile; fileRef = 821FC4EB1E78F08800A64E94 /* Assets.xcassets */; };
		821FC4EF1E78F08800A64E94 /* LaunchScreen.storyboard in Resources */ = {isa = PBXBuildFile; fileRef = 821FC4ED1E78F08800A64E94 /* LaunchScreen.storyboard */; };
		821FC4FA1E78F08800A64E94 /* OneWordTests.swift in Sources */ = {isa = PBXBuildFile; fileRef = 821FC4F91E78F08800A64E94 /* OneWordTests.swift */; };
		821FC5051E78F08800A64E94 /* OneWordUITests.swift in Sources */ = {isa = PBXBuildFile; fileRef = 821FC5041E78F08800A64E94 /* OneWordUITests.swift */; };
		8224D4F91EEBD6B900FF593B /* PaintView.swift in Sources */ = {isa = PBXBuildFile; fileRef = 8224D4F81EEBD6B900FF593B /* PaintView.swift */; };
		8224D4FA1EEBD6B900FF593B /* PaintView.swift in Sources */ = {isa = PBXBuildFile; fileRef = 8224D4F81EEBD6B900FF593B /* PaintView.swift */; };
		8224D4FB1EEBD6B900FF593B /* PaintView.swift in Sources */ = {isa = PBXBuildFile; fileRef = 8224D4F81EEBD6B900FF593B /* PaintView.swift */; };
		8224D4FE1EEBED6F00FF593B /* AboutViewControler.swift in Sources */ = {isa = PBXBuildFile; fileRef = 8224D4FD1EEBED6F00FF593B /* AboutViewControler.swift */; };
		8224D4FF1EEBED6F00FF593B /* AboutViewControler.swift in Sources */ = {isa = PBXBuildFile; fileRef = 8224D4FD1EEBED6F00FF593B /* AboutViewControler.swift */; };
		8224D5001EEBED6F00FF593B /* AboutViewControler.swift in Sources */ = {isa = PBXBuildFile; fileRef = 8224D4FD1EEBED6F00FF593B /* AboutViewControler.swift */; };
		82347E301F000307002D8024 /* Media.xcassets in Resources */ = {isa = PBXBuildFile; fileRef = 82347E2F1F000307002D8024 /* Media.xcassets */; };
		82347E321F00C91D002D8024 /* SnapKit.framework in CopyFiles */ = {isa = PBXBuildFile; fileRef = 82A9238D1EF2D128004937EA /* SnapKit.framework */; settings = {ATTRIBUTES = (CodeSignOnCopy, RemoveHeadersOnCopy, ); }; };
		82347E331F00C93D002D8024 /* MarqueeLabelSwift.framework in CopyFiles */ = {isa = PBXBuildFile; fileRef = 82A9238B1EF2D128004937EA /* MarqueeLabelSwift.framework */; settings = {ATTRIBUTES = (CodeSignOnCopy, RemoveHeadersOnCopy, ); }; };
		82347E341F00C956002D8024 /* NotificationBanner.framework in CopyFiles */ = {isa = PBXBuildFile; fileRef = 82A9238C1EF2D128004937EA /* NotificationBanner.framework */; settings = {ATTRIBUTES = (CodeSignOnCopy, RemoveHeadersOnCopy, ); }; };
		82347E5D1F060347002D8024 /* ImageCreator.swift in Sources */ = {isa = PBXBuildFile; fileRef = 82347E5C1F060347002D8024 /* ImageCreator.swift */; };
		82347E5E1F060347002D8024 /* ImageCreator.swift in Sources */ = {isa = PBXBuildFile; fileRef = 82347E5C1F060347002D8024 /* ImageCreator.swift */; };
		82347E5F1F077C5C002D8024 /* ImageCreator.swift in Sources */ = {isa = PBXBuildFile; fileRef = 82347E5C1F060347002D8024 /* ImageCreator.swift */; };
		824DFE531EA4DE8E005911C2 /* Word.swift in Sources */ = {isa = PBXBuildFile; fileRef = 82E964771E86608B006449E9 /* Word.swift */; };
		824DFE5C1EA4DF47005911C2 /* MainViewController.swift in Sources */ = {isa = PBXBuildFile; fileRef = 824DFE5B1EA4DF47005911C2 /* MainViewController.swift */; };
		82A0E0AF1EECDF4B00581956 /* libz.tbd in Frameworks */ = {isa = PBXBuildFile; fileRef = 82A0E0AE1EECDF4B00581956 /* libz.tbd */; };
		82A0E0B11EECDF6F00581956 /* libresolv.tbd in Frameworks */ = {isa = PBXBuildFile; fileRef = 82A0E0B01EECDF6F00581956 /* libresolv.tbd */; };
		82A0E0B31EECDF7500581956 /* CoreTelephony.framework in Frameworks */ = {isa = PBXBuildFile; fileRef = 82A0E0B21EECDF7500581956 /* CoreTelephony.framework */; };
		82A0E0B51EECDF7C00581956 /* SystemConfiguration.framework in Frameworks */ = {isa = PBXBuildFile; fileRef = 82A0E0B41EECDF7C00581956 /* SystemConfiguration.framework */; };
		82A923611EEEE6CB004937EA /* GuideViewController.swift in Sources */ = {isa = PBXBuildFile; fileRef = 82A923601EEEE6CB004937EA /* GuideViewController.swift */; };
		82A923621EEEE6CB004937EA /* GuideViewController.swift in Sources */ = {isa = PBXBuildFile; fileRef = 82A923601EEEE6CB004937EA /* GuideViewController.swift */; };
		82A923631EEEE6CB004937EA /* GuideViewController.swift in Sources */ = {isa = PBXBuildFile; fileRef = 82A923601EEEE6CB004937EA /* GuideViewController.swift */; };
		82A923901EF2D128004937EA /* AlicloudMobileAnalitics.framework in Frameworks */ = {isa = PBXBuildFile; fileRef = 82A923891EF2D128004937EA /* AlicloudMobileAnalitics.framework */; };
		82A923911EF2D128004937EA /* AlicloudMobileAnalitics.framework in Frameworks */ = {isa = PBXBuildFile; fileRef = 82A923891EF2D128004937EA /* AlicloudMobileAnalitics.framework */; };
		82A923921EF2D128004937EA /* AlicloudMobileAnalitics.framework in Frameworks */ = {isa = PBXBuildFile; fileRef = 82A923891EF2D128004937EA /* AlicloudMobileAnalitics.framework */; };
		82A923931EF2D128004937EA /* AlicloudUtils.framework in Frameworks */ = {isa = PBXBuildFile; fileRef = 82A9238A1EF2D128004937EA /* AlicloudUtils.framework */; };
		82A923941EF2D128004937EA /* AlicloudUtils.framework in Frameworks */ = {isa = PBXBuildFile; fileRef = 82A9238A1EF2D128004937EA /* AlicloudUtils.framework */; };
		82A923951EF2D128004937EA /* AlicloudUtils.framework in Frameworks */ = {isa = PBXBuildFile; fileRef = 82A9238A1EF2D128004937EA /* AlicloudUtils.framework */; };
		82A923961EF2D128004937EA /* MarqueeLabelSwift.framework in Frameworks */ = {isa = PBXBuildFile; fileRef = 82A9238B1EF2D128004937EA /* MarqueeLabelSwift.framework */; };
		82A923971EF2D128004937EA /* MarqueeLabelSwift.framework in Frameworks */ = {isa = PBXBuildFile; fileRef = 82A9238B1EF2D128004937EA /* MarqueeLabelSwift.framework */; };
		82A923981EF2D128004937EA /* MarqueeLabelSwift.framework in Frameworks */ = {isa = PBXBuildFile; fileRef = 82A9238B1EF2D128004937EA /* MarqueeLabelSwift.framework */; };
		82A923991EF2D128004937EA /* NotificationBanner.framework in Frameworks */ = {isa = PBXBuildFile; fileRef = 82A9238C1EF2D128004937EA /* NotificationBanner.framework */; };
		82A9239A1EF2D128004937EA /* NotificationBanner.framework in Frameworks */ = {isa = PBXBuildFile; fileRef = 82A9238C1EF2D128004937EA /* NotificationBanner.framework */; };
		82A9239B1EF2D128004937EA /* NotificationBanner.framework in Frameworks */ = {isa = PBXBuildFile; fileRef = 82A9238C1EF2D128004937EA /* NotificationBanner.framework */; };
		82A9239C1EF2D128004937EA /* SnapKit.framework in Frameworks */ = {isa = PBXBuildFile; fileRef = 82A9238D1EF2D128004937EA /* SnapKit.framework */; };
		82A9239D1EF2D128004937EA /* SnapKit.framework in Frameworks */ = {isa = PBXBuildFile; fileRef = 82A9238D1EF2D128004937EA /* SnapKit.framework */; };
		82A9239E1EF2D128004937EA /* SnapKit.framework in Frameworks */ = {isa = PBXBuildFile; fileRef = 82A9238D1EF2D128004937EA /* SnapKit.framework */; };
		82A9239F1EF2D128004937EA /* UT.framework in Frameworks */ = {isa = PBXBuildFile; fileRef = 82A9238E1EF2D128004937EA /* UT.framework */; };
		82A923A01EF2D128004937EA /* UT.framework in Frameworks */ = {isa = PBXBuildFile; fileRef = 82A9238E1EF2D128004937EA /* UT.framework */; };
		82A923A11EF2D128004937EA /* UT.framework in Frameworks */ = {isa = PBXBuildFile; fileRef = 82A9238E1EF2D128004937EA /* UT.framework */; };
		82A923A21EF2D128004937EA /* UTDID.framework in Frameworks */ = {isa = PBXBuildFile; fileRef = 82A9238F1EF2D128004937EA /* UTDID.framework */; };
		82A923A31EF2D128004937EA /* UTDID.framework in Frameworks */ = {isa = PBXBuildFile; fileRef = 82A9238F1EF2D128004937EA /* UTDID.framework */; };
		82A923A41EF2D128004937EA /* UTDID.framework in Frameworks */ = {isa = PBXBuildFile; fileRef = 82A9238F1EF2D128004937EA /* UTDID.framework */; };
		82A923A51EF2D153004937EA /* MarqueeLabelSwift.framework in Embed Frameworks */ = {isa = PBXBuildFile; fileRef = 82A9238B1EF2D128004937EA /* MarqueeLabelSwift.framework */; settings = {ATTRIBUTES = (CodeSignOnCopy, RemoveHeadersOnCopy, ); }; };
		82A923A61EF2D153004937EA /* NotificationBanner.framework in Embed Frameworks */ = {isa = PBXBuildFile; fileRef = 82A9238C1EF2D128004937EA /* NotificationBanner.framework */; settings = {ATTRIBUTES = (CodeSignOnCopy, RemoveHeadersOnCopy, ); }; };
		82A923A71EF2D153004937EA /* SnapKit.framework in Embed Frameworks */ = {isa = PBXBuildFile; fileRef = 82A9238D1EF2D128004937EA /* SnapKit.framework */; settings = {ATTRIBUTES = (CodeSignOnCopy, RemoveHeadersOnCopy, ); }; };
		82E964651E8658A3006449E9 /* NotificationCenter.framework in Frameworks */ = {isa = PBXBuildFile; fileRef = 82E964641E8658A3006449E9 /* NotificationCenter.framework */; };
		82E964681E8658A3006449E9 /* TodayViewController.swift in Sources */ = {isa = PBXBuildFile; fileRef = 82E964671E8658A3006449E9 /* TodayViewController.swift */; };
		82E9646B1E8658A3006449E9 /* MainInterface.storyboard in Resources */ = {isa = PBXBuildFile; fileRef = 82E964691E8658A3006449E9 /* MainInterface.storyboard */; };
		82E9646F1E8658A3006449E9 /* OneWordTodayExtenstion.appex in Embed App Extensions */ = {isa = PBXBuildFile; fileRef = 82E964621E8658A3006449E9 /* OneWordTodayExtenstion.appex */; settings = {ATTRIBUTES = (RemoveHeadersOnCopy, ); }; };
		82E964781E86608B006449E9 /* Word.swift in Sources */ = {isa = PBXBuildFile; fileRef = 82E964771E86608B006449E9 /* Word.swift */; };
		82E964791E86608B006449E9 /* Word.swift in Sources */ = {isa = PBXBuildFile; fileRef = 82E964771E86608B006449E9 /* Word.swift */; };
		82E9DDAF1EDFD50300689D02 /* words.txt in Resources */ = {isa = PBXBuildFile; fileRef = 82E9DDAE1EDFD50300689D02 /* words.txt */; };
		82E9DDB01EDFD50300689D02 /* words.txt in Resources */ = {isa = PBXBuildFile; fileRef = 82E9DDAE1EDFD50300689D02 /* words.txt */; };
		82E9DDB11EDFD50300689D02 /* words.txt in Resources */ = {isa = PBXBuildFile; fileRef = 82E9DDAE1EDFD50300689D02 /* words.txt */; };
		82E9DDB21EDFD50300689D02 /* words.txt in Resources */ = {isa = PBXBuildFile; fileRef = 82E9DDAE1EDFD50300689D02 /* words.txt */; };
		82E9DDB51EE0494B00689D02 /* MainService.swift in Sources */ = {isa = PBXBuildFile; fileRef = 82E9DDB41EE0494B00689D02 /* MainService.swift */; };
		82E9DDB61EE0494B00689D02 /* MainService.swift in Sources */ = {isa = PBXBuildFile; fileRef = 82E9DDB41EE0494B00689D02 /* MainService.swift */; };
		82E9DDB71EE0494B00689D02 /* MainService.swift in Sources */ = {isa = PBXBuildFile; fileRef = 82E9DDB41EE0494B00689D02 /* MainService.swift */; };
		82E9DDB81EE0494B00689D02 /* MainService.swift in Sources */ = {isa = PBXBuildFile; fileRef = 82E9DDB41EE0494B00689D02 /* MainService.swift */; };
		82E9DDB91EE049A500689D02 /* MainViewController.swift in Sources */ = {isa = PBXBuildFile; fileRef = 824DFE5B1EA4DF47005911C2 /* MainViewController.swift */; };
		82E9DDBA1EE049A600689D02 /* MainViewController.swift in Sources */ = {isa = PBXBuildFile; fileRef = 824DFE5B1EA4DF47005911C2 /* MainViewController.swift */; };
		82E9DDBF1EE04C5400689D02 /* MainServiceTests.swift in Sources */ = {isa = PBXBuildFile; fileRef = 82E9DDBD1EE04C5400689D02 /* MainServiceTests.swift */; };
		82E9DDC21EE04C9800689D02 /* Word.swift in Sources */ = {isa = PBXBuildFile; fileRef = 82E964771E86608B006449E9 /* Word.swift */; };
		82E9DDCA1EE6BA9B00689D02 /* WordView.swift in Sources */ = {isa = PBXBuildFile; fileRef = 82E9DDC91EE6BA9B00689D02 /* WordView.swift */; };
		82E9DDCB1EE6BA9B00689D02 /* WordView.swift in Sources */ = {isa = PBXBuildFile; fileRef = 82E9DDC91EE6BA9B00689D02 /* WordView.swift */; };
		82E9DDCC1EE6BA9B00689D02 /* WordView.swift in Sources */ = {isa = PBXBuildFile; fileRef = 82E9DDC91EE6BA9B00689D02 /* WordView.swift */; };
		82E9DDCD1EE6BA9B00689D02 /* WordView.swift in Sources */ = {isa = PBXBuildFile; fileRef = 82E9DDC91EE6BA9B00689D02 /* WordView.swift */; };
		82E9DDD41EE7053E00689D02 /* CircularlyPagedScrollView.swift in Sources */ = {isa = PBXBuildFile; fileRef = 82E9DDD31EE7053E00689D02 /* CircularlyPagedScrollView.swift */; };
		82E9DDD51EE7053E00689D02 /* CircularlyPagedScrollView.swift in Sources */ = {isa = PBXBuildFile; fileRef = 82E9DDD31EE7053E00689D02 /* CircularlyPagedScrollView.swift */; };
		82E9DDD61EE7053E00689D02 /* CircularlyPagedScrollView.swift in Sources */ = {isa = PBXBuildFile; fileRef = 82E9DDD31EE7053E00689D02 /* CircularlyPagedScrollView.swift */; };
		82E9DDD71EE7053E00689D02 /* CircularlyPagedScrollView.swift in Sources */ = {isa = PBXBuildFile; fileRef = 82E9DDD31EE7053E00689D02 /* CircularlyPagedScrollView.swift */; };
/* End PBXBuildFile section */

/* Begin PBXContainerItemProxy section */
		821FC4F61E78F08800A64E94 /* PBXContainerItemProxy */ = {
			isa = PBXContainerItemProxy;
			containerPortal = 821FC4D61E78F08800A64E94 /* Project object */;
			proxyType = 1;
			remoteGlobalIDString = 821FC4DD1E78F08800A64E94;
			remoteInfo = OneWord;
		};
		821FC5011E78F08800A64E94 /* PBXContainerItemProxy */ = {
			isa = PBXContainerItemProxy;
			containerPortal = 821FC4D61E78F08800A64E94 /* Project object */;
			proxyType = 1;
			remoteGlobalIDString = 821FC4DD1E78F08800A64E94;
			remoteInfo = OneWord;
		};
		82E9646D1E8658A3006449E9 /* PBXContainerItemProxy */ = {
			isa = PBXContainerItemProxy;
			containerPortal = 821FC4D61E78F08800A64E94 /* Project object */;
			proxyType = 1;
			remoteGlobalIDString = 82E964611E8658A3006449E9;
			remoteInfo = OneWordTodayExtenstion;
		};
/* End PBXContainerItemProxy section */

/* Begin PBXCopyFilesBuildPhase section */
		8208BC8D1E8A616E0063124C /* Embed Frameworks */ = {
			isa = PBXCopyFilesBuildPhase;
			buildActionMask = 2147483647;
			dstPath = "";
			dstSubfolderSpec = 10;
			files = (
				82A923A51EF2D153004937EA /* MarqueeLabelSwift.framework in Embed Frameworks */,
				82A923A61EF2D153004937EA /* NotificationBanner.framework in Embed Frameworks */,
				82A923A71EF2D153004937EA /* SnapKit.framework in Embed Frameworks */,
			);
			name = "Embed Frameworks";
			runOnlyForDeploymentPostprocessing = 0;
		};
		82347E311F00C908002D8024 /* CopyFiles */ = {
			isa = PBXCopyFilesBuildPhase;
			buildActionMask = 2147483647;
			dstPath = "";
			dstSubfolderSpec = 10;
			files = (
				82347E341F00C956002D8024 /* NotificationBanner.framework in CopyFiles */,
				82347E331F00C93D002D8024 /* MarqueeLabelSwift.framework in CopyFiles */,
				82347E321F00C91D002D8024 /* SnapKit.framework in CopyFiles */,
			);
			runOnlyForDeploymentPostprocessing = 0;
		};
		82E964731E8658A3006449E9 /* Embed App Extensions */ = {
			isa = PBXCopyFilesBuildPhase;
			buildActionMask = 2147483647;
			dstPath = "";
			dstSubfolderSpec = 13;
			files = (
				82E9646F1E8658A3006449E9 /* OneWordTodayExtenstion.appex in Embed App Extensions */,
			);
			name = "Embed App Extensions";
			runOnlyForDeploymentPostprocessing = 0;
		};
/* End PBXCopyFilesBuildPhase section */

/* Begin PBXFileReference section */
		820B84451F165B02007E3C15 /* UserNotifications.framework */ = {isa = PBXFileReference; lastKnownFileType = wrapper.framework; name = UserNotifications.framework; path = System/Library/Frameworks/UserNotifications.framework; sourceTree = SDKROOT; };
		820B84471F166DED007E3C15 /* Cartfile */ = {isa = PBXFileReference; fileEncoding = 4; lastKnownFileType = text; path = Cartfile; sourceTree = "<group>"; };
		821FC4DE1E78F08800A64E94 /* OneWord.app */ = {isa = PBXFileReference; explicitFileType = wrapper.application; includeInIndex = 0; path = OneWord.app; sourceTree = BUILT_PRODUCTS_DIR; };
		821FC4E11E78F08800A64E94 /* AppDelegate.swift */ = {isa = PBXFileReference; lastKnownFileType = sourcecode.swift; path = AppDelegate.swift; sourceTree = "<group>"; };
		821FC4E61E78F08800A64E94 /* Base */ = {isa = PBXFileReference; lastKnownFileType = file.storyboard; name = Base; path = Base.lproj/Main.storyboard; sourceTree = "<group>"; };
		821FC4E91E78F08800A64E94 /* OneWord.xcdatamodel */ = {isa = PBXFileReference; lastKnownFileType = wrapper.xcdatamodel; path = OneWord.xcdatamodel; sourceTree = "<group>"; };
		821FC4EB1E78F08800A64E94 /* Assets.xcassets */ = {isa = PBXFileReference; lastKnownFileType = folder.assetcatalog; path = Assets.xcassets; sourceTree = "<group>"; };
		821FC4EE1E78F08800A64E94 /* Base */ = {isa = PBXFileReference; lastKnownFileType = file.storyboard; name = Base; path = Base.lproj/LaunchScreen.storyboard; sourceTree = "<group>"; };
		821FC4F01E78F08800A64E94 /* Info.plist */ = {isa = PBXFileReference; lastKnownFileType = text.plist.xml; path = Info.plist; sourceTree = "<group>"; };
		821FC4F51E78F08800A64E94 /* OneWordTests.xctest */ = {isa = PBXFileReference; explicitFileType = wrapper.cfbundle; includeInIndex = 0; path = OneWordTests.xctest; sourceTree = BUILT_PRODUCTS_DIR; };
		821FC4F91E78F08800A64E94 /* OneWordTests.swift */ = {isa = PBXFileReference; lastKnownFileType = sourcecode.swift; path = OneWordTests.swift; sourceTree = "<group>"; };
		821FC4FB1E78F08800A64E94 /* Info.plist */ = {isa = PBXFileReference; lastKnownFileType = text.plist.xml; path = Info.plist; sourceTree = "<group>"; };
		821FC5001E78F08800A64E94 /* OneWordUITests.xctest */ = {isa = PBXFileReference; explicitFileType = wrapper.cfbundle; includeInIndex = 0; path = OneWordUITests.xctest; sourceTree = BUILT_PRODUCTS_DIR; };
		821FC5041E78F08800A64E94 /* OneWordUITests.swift */ = {isa = PBXFileReference; lastKnownFileType = sourcecode.swift; path = OneWordUITests.swift; sourceTree = "<group>"; };
		821FC5061E78F08800A64E94 /* Info.plist */ = {isa = PBXFileReference; lastKnownFileType = text.plist.xml; path = Info.plist; sourceTree = "<group>"; };
		8224D4F81EEBD6B900FF593B /* PaintView.swift */ = {isa = PBXFileReference; fileEncoding = 4; lastKnownFileType = sourcecode.swift; path = PaintView.swift; sourceTree = "<group>"; };
		8224D4FD1EEBED6F00FF593B /* AboutViewControler.swift */ = {isa = PBXFileReference; fileEncoding = 4; lastKnownFileType = sourcecode.swift; path = AboutViewControler.swift; sourceTree = "<group>"; };
		82347E2F1F000307002D8024 /* Media.xcassets */ = {isa = PBXFileReference; lastKnownFileType = folder.assetcatalog; path = Media.xcassets; sourceTree = "<group>"; };
		82347E5C1F060347002D8024 /* ImageCreator.swift */ = {isa = PBXFileReference; fileEncoding = 4; lastKnownFileType = sourcecode.swift; path = ImageCreator.swift; sourceTree = "<group>"; };
		824DFE5B1EA4DF47005911C2 /* MainViewController.swift */ = {isa = PBXFileReference; fileEncoding = 4; lastKnownFileType = sourcecode.swift; path = MainViewController.swift; sourceTree = "<group>"; };
		82A0E0AE1EECDF4B00581956 /* libz.tbd */ = {isa = PBXFileReference; lastKnownFileType = "sourcecode.text-based-dylib-definition"; name = libz.tbd; path = usr/lib/libz.tbd; sourceTree = SDKROOT; };
		82A0E0B01EECDF6F00581956 /* libresolv.tbd */ = {isa = PBXFileReference; lastKnownFileType = "sourcecode.text-based-dylib-definition"; name = libresolv.tbd; path = usr/lib/libresolv.tbd; sourceTree = SDKROOT; };
		82A0E0B21EECDF7500581956 /* CoreTelephony.framework */ = {isa = PBXFileReference; lastKnownFileType = wrapper.framework; name = CoreTelephony.framework; path = System/Library/Frameworks/CoreTelephony.framework; sourceTree = SDKROOT; };
		82A0E0B41EECDF7C00581956 /* SystemConfiguration.framework */ = {isa = PBXFileReference; lastKnownFileType = wrapper.framework; name = SystemConfiguration.framework; path = System/Library/Frameworks/SystemConfiguration.framework; sourceTree = SDKROOT; };
		82A0E0B61EECE01100581956 /* OneWord-Bridging-Header.h */ = {isa = PBXFileReference; lastKnownFileType = sourcecode.c.h; path = "OneWord-Bridging-Header.h"; sourceTree = "<group>"; };
		82A923601EEEE6CB004937EA /* GuideViewController.swift */ = {isa = PBXFileReference; fileEncoding = 4; lastKnownFileType = sourcecode.swift; path = GuideViewController.swift; sourceTree = "<group>"; };
		82A923891EF2D128004937EA /* AlicloudMobileAnalitics.framework */ = {isa = PBXFileReference; lastKnownFileType = wrapper.framework; path = AlicloudMobileAnalitics.framework; sourceTree = "<group>"; };
		82A9238A1EF2D128004937EA /* AlicloudUtils.framework */ = {isa = PBXFileReference; lastKnownFileType = wrapper.framework; path = AlicloudUtils.framework; sourceTree = "<group>"; };
		82A9238B1EF2D128004937EA /* MarqueeLabelSwift.framework */ = {isa = PBXFileReference; lastKnownFileType = wrapper.framework; path = MarqueeLabelSwift.framework; sourceTree = "<group>"; };
		82A9238C1EF2D128004937EA /* NotificationBanner.framework */ = {isa = PBXFileReference; lastKnownFileType = wrapper.framework; path = NotificationBanner.framework; sourceTree = "<group>"; };
		82A9238D1EF2D128004937EA /* SnapKit.framework */ = {isa = PBXFileReference; lastKnownFileType = wrapper.framework; path = SnapKit.framework; sourceTree = "<group>"; };
		82A9238E1EF2D128004937EA /* UT.framework */ = {isa = PBXFileReference; lastKnownFileType = wrapper.framework; path = UT.framework; sourceTree = "<group>"; };
		82A9238F1EF2D128004937EA /* UTDID.framework */ = {isa = PBXFileReference; lastKnownFileType = wrapper.framework; path = UTDID.framework; sourceTree = "<group>"; };
		82E964621E8658A3006449E9 /* OneWordTodayExtenstion.appex */ = {isa = PBXFileReference; explicitFileType = "wrapper.app-extension"; includeInIndex = 0; path = OneWordTodayExtenstion.appex; sourceTree = BUILT_PRODUCTS_DIR; };
		82E964641E8658A3006449E9 /* NotificationCenter.framework */ = {isa = PBXFileReference; lastKnownFileType = wrapper.framework; name = NotificationCenter.framework; path = System/Library/Frameworks/NotificationCenter.framework; sourceTree = SDKROOT; };
		82E964671E8658A3006449E9 /* TodayViewController.swift */ = {isa = PBXFileReference; lastKnownFileType = sourcecode.swift; path = TodayViewController.swift; sourceTree = "<group>"; };
		82E9646A1E8658A3006449E9 /* Base */ = {isa = PBXFileReference; lastKnownFileType = file.storyboard; name = Base; path = Base.lproj/MainInterface.storyboard; sourceTree = "<group>"; };
		82E9646C1E8658A3006449E9 /* Info.plist */ = {isa = PBXFileReference; lastKnownFileType = text.plist.xml; path = Info.plist; sourceTree = "<group>"; };
		82E964741E865B1E006449E9 /* OneWordTodayExtenstion.entitlements */ = {isa = PBXFileReference; lastKnownFileType = text.plist.entitlements; path = OneWordTodayExtenstion.entitlements; sourceTree = "<group>"; };
		82E964751E865B56006449E9 /* OneWord.entitlements */ = {isa = PBXFileReference; lastKnownFileType = text.plist.entitlements; path = OneWord.entitlements; sourceTree = "<group>"; };
		82E964771E86608B006449E9 /* Word.swift */ = {isa = PBXFileReference; fileEncoding = 4; lastKnownFileType = sourcecode.swift; path = Word.swift; sourceTree = "<group>"; };
		82E9DDAE1EDFD50300689D02 /* words.txt */ = {isa = PBXFileReference; fileEncoding = 4; lastKnownFileType = text; path = words.txt; sourceTree = "<group>"; };
		82E9DDB41EE0494B00689D02 /* MainService.swift */ = {isa = PBXFileReference; fileEncoding = 4; lastKnownFileType = sourcecode.swift; path = MainService.swift; sourceTree = "<group>"; };
		82E9DDBD1EE04C5400689D02 /* MainServiceTests.swift */ = {isa = PBXFileReference; fileEncoding = 4; lastKnownFileType = sourcecode.swift; path = MainServiceTests.swift; sourceTree = "<group>"; };
		82E9DDC91EE6BA9B00689D02 /* WordView.swift */ = {isa = PBXFileReference; fileEncoding = 4; lastKnownFileType = sourcecode.swift; path = WordView.swift; sourceTree = "<group>"; };
		82E9DDD31EE7053E00689D02 /* CircularlyPagedScrollView.swift */ = {isa = PBXFileReference; fileEncoding = 4; lastKnownFileType = sourcecode.swift; path = CircularlyPagedScrollView.swift; sourceTree = "<group>"; };
/* End PBXFileReference section */

/* Begin PBXFrameworksBuildPhase section */
		821FC4DB1E78F08800A64E94 /* Frameworks */ = {
			isa = PBXFrameworksBuildPhase;
			buildActionMask = 2147483647;
			files = (
				82A0E0B51EECDF7C00581956 /* SystemConfiguration.framework in Frameworks */,
				82A9239F1EF2D128004937EA /* UT.framework in Frameworks */,
				82A0E0B31EECDF7500581956 /* CoreTelephony.framework in Frameworks */,
				82A923961EF2D128004937EA /* MarqueeLabelSwift.framework in Frameworks */,
				82A0E0B11EECDF6F00581956 /* libresolv.tbd in Frameworks */,
				82A0E0AF1EECDF4B00581956 /* libz.tbd in Frameworks */,
				82A9239C1EF2D128004937EA /* SnapKit.framework in Frameworks */,
				82A923991EF2D128004937EA /* NotificationBanner.framework in Frameworks */,
				82A923A21EF2D128004937EA /* UTDID.framework in Frameworks */,
				82A923901EF2D128004937EA /* AlicloudMobileAnalitics.framework in Frameworks */,
				82A923931EF2D128004937EA /* AlicloudUtils.framework in Frameworks */,
			);
			runOnlyForDeploymentPostprocessing = 0;
		};
		821FC4F21E78F08800A64E94 /* Frameworks */ = {
			isa = PBXFrameworksBuildPhase;
			buildActionMask = 2147483647;
			files = (
				82A923A31EF2D128004937EA /* UTDID.framework in Frameworks */,
				82A9239D1EF2D128004937EA /* SnapKit.framework in Frameworks */,
				82A923A01EF2D128004937EA /* UT.framework in Frameworks */,
				82A923971EF2D128004937EA /* MarqueeLabelSwift.framework in Frameworks */,
				82A923911EF2D128004937EA /* AlicloudMobileAnalitics.framework in Frameworks */,
				82A9239A1EF2D128004937EA /* NotificationBanner.framework in Frameworks */,
				82A923941EF2D128004937EA /* AlicloudUtils.framework in Frameworks */,
			);
			runOnlyForDeploymentPostprocessing = 0;
		};
		821FC4FD1E78F08800A64E94 /* Frameworks */ = {
			isa = PBXFrameworksBuildPhase;
			buildActionMask = 2147483647;
			files = (
				82A923A41EF2D128004937EA /* UTDID.framework in Frameworks */,
				82A9239E1EF2D128004937EA /* SnapKit.framework in Frameworks */,
				82A923A11EF2D128004937EA /* UT.framework in Frameworks */,
				82A923981EF2D128004937EA /* MarqueeLabelSwift.framework in Frameworks */,
				82A923921EF2D128004937EA /* AlicloudMobileAnalitics.framework in Frameworks */,
				82A9239B1EF2D128004937EA /* NotificationBanner.framework in Frameworks */,
				82A923951EF2D128004937EA /* AlicloudUtils.framework in Frameworks */,
			);
			runOnlyForDeploymentPostprocessing = 0;
		};
		82E9645F1E8658A3006449E9 /* Frameworks */ = {
			isa = PBXFrameworksBuildPhase;
			buildActionMask = 2147483647;
			files = (
				820B84461F165B02007E3C15 /* UserNotifications.framework in Frameworks */,
				82E964651E8658A3006449E9 /* NotificationCenter.framework in Frameworks */,
			);
			runOnlyForDeploymentPostprocessing = 0;
		};
/* End PBXFrameworksBuildPhase section */

/* Begin PBXGroup section */
		821FC4D51E78F08800A64E94 = {
			isa = PBXGroup;
			children = (
				820B84471F166DED007E3C15 /* Cartfile */,
				82A923881EF2D128004937EA /* Frameworks */,
				821FC4E01E78F08800A64E94 /* OneWord */,
				821FC4F81E78F08800A64E94 /* OneWordTests */,
				821FC5031E78F08800A64E94 /* OneWordUITests */,
				82E964661E8658A3006449E9 /* OneWordTodayExtenstion */,
				821FC4DF1E78F08800A64E94 /* Products */,
			);
			sourceTree = "<group>";
		};
		821FC4DF1E78F08800A64E94 /* Products */ = {
			isa = PBXGroup;
			children = (
				821FC4DE1E78F08800A64E94 /* OneWord.app */,
				821FC4F51E78F08800A64E94 /* OneWordTests.xctest */,
				821FC5001E78F08800A64E94 /* OneWordUITests.xctest */,
				82E964621E8658A3006449E9 /* OneWordTodayExtenstion.appex */,
			);
			name = Products;
			sourceTree = "<group>";
		};
		821FC4E01E78F08800A64E94 /* OneWord */ = {
			isa = PBXGroup;
			children = (
				82E9DDC81EE6BA8E00689D02 /* View */,
				82E9DDB31EE0493300689D02 /* Service */,
				824DFE5A1EA4DF47005911C2 /* Controller */,
				82E964761E86607F006449E9 /* Model */,
				82E964751E865B56006449E9 /* OneWord.entitlements */,
				821FC4E11E78F08800A64E94 /* AppDelegate.swift */,
				821FC4E51E78F08800A64E94 /* Main.storyboard */,
				82E9DDAE1EDFD50300689D02 /* words.txt */,
				821FC4EB1E78F08800A64E94 /* Assets.xcassets */,
				821FC4ED1E78F08800A64E94 /* LaunchScreen.storyboard */,
				82A0E0B61EECE01100581956 /* OneWord-Bridging-Header.h */,
				821FC4F01E78F08800A64E94 /* Info.plist */,
				821FC4E81E78F08800A64E94 /* OneWord.xcdatamodeld */,
			);
			path = OneWord;
			sourceTree = "<group>";
		};
		821FC4F81E78F08800A64E94 /* OneWordTests */ = {
			isa = PBXGroup;
			children = (
				821FC4F91E78F08800A64E94 /* OneWordTests.swift */,
				821FC4FB1E78F08800A64E94 /* Info.plist */,
				82E9DDBD1EE04C5400689D02 /* MainServiceTests.swift */,
			);
			path = OneWordTests;
			sourceTree = "<group>";
		};
		821FC5031E78F08800A64E94 /* OneWordUITests */ = {
			isa = PBXGroup;
			children = (
				821FC5041E78F08800A64E94 /* OneWordUITests.swift */,
				821FC5061E78F08800A64E94 /* Info.plist */,
			);
			path = OneWordUITests;
			sourceTree = "<group>";
		};
		824DFE5A1EA4DF47005911C2 /* Controller */ = {
			isa = PBXGroup;
			children = (
				824DFE5B1EA4DF47005911C2 /* MainViewController.swift */,
				8224D4FD1EEBED6F00FF593B /* AboutViewControler.swift */,
				82A923601EEEE6CB004937EA /* GuideViewController.swift */,
			);
			path = Controller;
			sourceTree = "<group>";
		};
		82A923881EF2D128004937EA /* Frameworks */ = {
			isa = PBXGroup;
			children = (
				820B84451F165B02007E3C15 /* UserNotifications.framework */,
				82E964641E8658A3006449E9 /* NotificationCenter.framework */,
				82A0E0B41EECDF7C00581956 /* SystemConfiguration.framework */,
				82A0E0B21EECDF7500581956 /* CoreTelephony.framework */,
				82A0E0B01EECDF6F00581956 /* libresolv.tbd */,
				82A0E0AE1EECDF4B00581956 /* libz.tbd */,
				82A923891EF2D128004937EA /* AlicloudMobileAnalitics.framework */,
				82A9238A1EF2D128004937EA /* AlicloudUtils.framework */,
				82A9238B1EF2D128004937EA /* MarqueeLabelSwift.framework */,
				82A9238C1EF2D128004937EA /* NotificationBanner.framework */,
				82A9238D1EF2D128004937EA /* SnapKit.framework */,
				82A9238E1EF2D128004937EA /* UT.framework */,
				82A9238F1EF2D128004937EA /* UTDID.framework */,
			);
			path = Frameworks;
			sourceTree = "<group>";
		};
		82E964661E8658A3006449E9 /* OneWordTodayExtenstion */ = {
			isa = PBXGroup;
			children = (
				82E964741E865B1E006449E9 /* OneWordTodayExtenstion.entitlements */,
				82E964671E8658A3006449E9 /* TodayViewController.swift */,
				82E964691E8658A3006449E9 /* MainInterface.storyboard */,
				82E9646C1E8658A3006449E9 /* Info.plist */,
				82347E2F1F000307002D8024 /* Media.xcassets */,
			);
			path = OneWordTodayExtenstion;
			sourceTree = "<group>";
		};
		82E964761E86607F006449E9 /* Model */ = {
			isa = PBXGroup;
			children = (
				82E964771E86608B006449E9 /* Word.swift */,
			);
			path = Model;
			sourceTree = "<group>";
		};
		82E9DDB31EE0493300689D02 /* Service */ = {
			isa = PBXGroup;
			children = (
				82E9DDB41EE0494B00689D02 /* MainService.swift */,
				82347E5C1F060347002D8024 /* ImageCreator.swift */,
			);
			path = Service;
			sourceTree = "<group>";
		};
		82E9DDC81EE6BA8E00689D02 /* View */ = {
			isa = PBXGroup;
			children = (
				82E9DDC91EE6BA9B00689D02 /* WordView.swift */,
				82E9DDD31EE7053E00689D02 /* CircularlyPagedScrollView.swift */,
				8224D4F81EEBD6B900FF593B /* PaintView.swift */,
			);
			path = View;
			sourceTree = "<group>";
		};
/* End PBXGroup section */

/* Begin PBXNativeTarget section */
		821FC4DD1E78F08800A64E94 /* OneWord */ = {
			isa = PBXNativeTarget;
			buildConfigurationList = 821FC5091E78F08800A64E94 /* Build configuration list for PBXNativeTarget "OneWord" */;
			buildPhases = (
				821FC4DA1E78F08800A64E94 /* Sources */,
				821FC4DB1E78F08800A64E94 /* Frameworks */,
				821FC4DC1E78F08800A64E94 /* Resources */,
				82E964731E8658A3006449E9 /* Embed App Extensions */,
				8208BC8D1E8A616E0063124C /* Embed Frameworks */,
				824DFE471EA482DD005911C2 /* ShellScript */,
			);
			buildRules = (
			);
			dependencies = (
				82E9646E1E8658A3006449E9 /* PBXTargetDependency */,
			);
			name = OneWord;
			productName = OneWord;
			productReference = 821FC4DE1E78F08800A64E94 /* OneWord.app */;
			productType = "com.apple.product-type.application";
		};
		821FC4F41E78F08800A64E94 /* OneWordTests */ = {
			isa = PBXNativeTarget;
			buildConfigurationList = 821FC50C1E78F08800A64E94 /* Build configuration list for PBXNativeTarget "OneWordTests" */;
			buildPhases = (
				821FC4F11E78F08800A64E94 /* Sources */,
				821FC4F21E78F08800A64E94 /* Frameworks */,
				821FC4F31E78F08800A64E94 /* Resources */,
			);
			buildRules = (
			);
			dependencies = (
				821FC4F71E78F08800A64E94 /* PBXTargetDependency */,
			);
			name = OneWordTests;
			productName = OneWordTests;
			productReference = 821FC4F51E78F08800A64E94 /* OneWordTests.xctest */;
			productType = "com.apple.product-type.bundle.unit-test";
		};
		821FC4FF1E78F08800A64E94 /* OneWordUITests */ = {
			isa = PBXNativeTarget;
			buildConfigurationList = 821FC50F1E78F08800A64E94 /* Build configuration list for PBXNativeTarget "OneWordUITests" */;
			buildPhases = (
				821FC4FC1E78F08800A64E94 /* Sources */,
				821FC4FD1E78F08800A64E94 /* Frameworks */,
				821FC4FE1E78F08800A64E94 /* Resources */,
				82347E311F00C908002D8024 /* CopyFiles */,
			);
			buildRules = (
			);
			dependencies = (
				821FC5021E78F08800A64E94 /* PBXTargetDependency */,
			);
			name = OneWordUITests;
			productName = OneWordUITests;
			productReference = 821FC5001E78F08800A64E94 /* OneWordUITests.xctest */;
			productType = "com.apple.product-type.bundle.ui-testing";
		};
		82E964611E8658A3006449E9 /* OneWordTodayExtenstion */ = {
			isa = PBXNativeTarget;
			buildConfigurationList = 82E964721E8658A3006449E9 /* Build configuration list for PBXNativeTarget "OneWordTodayExtenstion" */;
			buildPhases = (
				82E9645E1E8658A3006449E9 /* Sources */,
				82E9645F1E8658A3006449E9 /* Frameworks */,
				82E964601E8658A3006449E9 /* Resources */,
			);
			buildRules = (
			);
			dependencies = (
			);
			name = OneWordTodayExtenstion;
			productName = OneWordTodayExtenstion;
			productReference = 82E964621E8658A3006449E9 /* OneWordTodayExtenstion.appex */;
			productType = "com.apple.product-type.app-extension";
		};
/* End PBXNativeTarget section */

/* Begin PBXProject section */
		821FC4D61E78F08800A64E94 /* Project object */ = {
			isa = PBXProject;
			attributes = {
				LastSwiftUpdateCheck = 0820;
				LastUpgradeCheck = 0830;
				ORGANIZATIONNAME = "Songbai Yan";
				TargetAttributes = {
					821FC4DD1E78F08800A64E94 = {
						CreatedOnToolsVersion = 8.2.1;
						DevelopmentTeam = XD7JAMNS86;
						ProvisioningStyle = Automatic;
						SystemCapabilities = {
							com.apple.ApplicationGroups.iOS = {
								enabled = 1;
							};
						};
					};
					821FC4F41E78F08800A64E94 = {
						CreatedOnToolsVersion = 8.2.1;
						DevelopmentTeam = XD7JAMNS86;
						ProvisioningStyle = Automatic;
						TestTargetID = 821FC4DD1E78F08800A64E94;
					};
					821FC4FF1E78F08800A64E94 = {
						CreatedOnToolsVersion = 8.2.1;
						DevelopmentTeam = XD7JAMNS86;
						ProvisioningStyle = Automatic;
						TestTargetID = 821FC4DD1E78F08800A64E94;
					};
					82E964611E8658A3006449E9 = {
						CreatedOnToolsVersion = 8.2.1;
						DevelopmentTeam = XD7JAMNS86;
						ProvisioningStyle = Automatic;
						SystemCapabilities = {
							com.apple.ApplicationGroups.iOS = {
								enabled = 1;
							};
						};
					};
				};
			};
			buildConfigurationList = 821FC4D91E78F08800A64E94 /* Build configuration list for PBXProject "OneWord" */;
			compatibilityVersion = "Xcode 3.2";
			developmentRegion = English;
			hasScannedForEncodings = 0;
			knownRegions = (
				en,
				Base,
			);
			mainGroup = 821FC4D51E78F08800A64E94;
			productRefGroup = 821FC4DF1E78F08800A64E94 /* Products */;
			projectDirPath = "";
			projectRoot = "";
			targets = (
				821FC4DD1E78F08800A64E94 /* OneWord */,
				821FC4F41E78F08800A64E94 /* OneWordTests */,
				821FC4FF1E78F08800A64E94 /* OneWordUITests */,
				82E964611E8658A3006449E9 /* OneWordTodayExtenstion */,
			);
		};
/* End PBXProject section */

/* Begin PBXResourcesBuildPhase section */
		821FC4DC1E78F08800A64E94 /* Resources */ = {
			isa = PBXResourcesBuildPhase;
			buildActionMask = 2147483647;
			files = (
				820B84481F166DED007E3C15 /* Cartfile in Resources */,
				821FC4EF1E78F08800A64E94 /* LaunchScreen.storyboard in Resources */,
				821FC4EC1E78F08800A64E94 /* Assets.xcassets in Resources */,
				821FC4E71E78F08800A64E94 /* Main.storyboard in Resources */,
				82E9DDAF1EDFD50300689D02 /* words.txt in Resources */,
			);
			runOnlyForDeploymentPostprocessing = 0;
		};
		821FC4F31E78F08800A64E94 /* Resources */ = {
			isa = PBXResourcesBuildPhase;
			buildActionMask = 2147483647;
			files = (
				82E9DDB01EDFD50300689D02 /* words.txt in Resources */,
			);
			runOnlyForDeploymentPostprocessing = 0;
		};
		821FC4FE1E78F08800A64E94 /* Resources */ = {
			isa = PBXResourcesBuildPhase;
			buildActionMask = 2147483647;
			files = (
				82E9DDB11EDFD50300689D02 /* words.txt in Resources */,
			);
			runOnlyForDeploymentPostprocessing = 0;
		};
		82E964601E8658A3006449E9 /* Resources */ = {
			isa = PBXResourcesBuildPhase;
			buildActionMask = 2147483647;
			files = (
				82E9DDB21EDFD50300689D02 /* words.txt in Resources */,
				82347E301F000307002D8024 /* Media.xcassets in Resources */,
				82E9646B1E8658A3006449E9 /* MainInterface.storyboard in Resources */,
			);
			runOnlyForDeploymentPostprocessing = 0;
		};
/* End PBXResourcesBuildPhase section */

/* Begin PBXShellScriptBuildPhase section */
		824DFE471EA482DD005911C2 /* ShellScript */ = {
			isa = PBXShellScriptBuildPhase;
			buildActionMask = 2147483647;
			files = (
			);
			inputPaths = (
			);
			outputPaths = (
			);
			runOnlyForDeploymentPostprocessing = 0;
			shellPath = /bin/sh;
			shellScript = "APP_PATH=\"${TARGET_BUILD_DIR}/${WRAPPER_NAME}\"\n\n# This script loops through the frameworks embedded in the application and\n\n# removes unused architectures.\n\nfind \"$APP_PATH\" -name '*.framework' -type d | while read -r FRAMEWORK\n\ndo\n\nFRAMEWORK_EXECUTABLE_NAME=$(defaults read \"$FRAMEWORK/Info.plist\" CFBundleExecutable)\n\nFRAMEWORK_EXECUTABLE_PATH=\"$FRAMEWORK/$FRAMEWORK_EXECUTABLE_NAME\"\n\necho \"Executable is $FRAMEWORK_EXECUTABLE_PATH\"\n\nEXTRACTED_ARCHS=()\n\nfor ARCH in $ARCHS\n\ndo\n\necho \"Extracting $ARCH from $FRAMEWORK_EXECUTABLE_NAME\"\n\nlipo -extract \"$ARCH\" \"$FRAMEWORK_EXECUTABLE_PATH\" -o \"$FRAMEWORK_EXECUTABLE_PATH-$ARCH\"\n\nEXTRACTED_ARCHS+=(\"$FRAMEWORK_EXECUTABLE_PATH-$ARCH\")\n\ndone\n\necho \"Merging extracted architectures: ${ARCHS}\"\n\nlipo -o \"$FRAMEWORK_EXECUTABLE_PATH-merged\" -create \"${EXTRACTED_ARCHS[@]}\"\n\nrm \"${EXTRACTED_ARCHS[@]}\"\n\necho \"Replacing original executable with thinned version\"\n\nrm \"$FRAMEWORK_EXECUTABLE_PATH\"\n\nmv \"$FRAMEWORK_EXECUTABLE_PATH-merged\" \"$FRAMEWORK_EXECUTABLE_PATH\"\n\ndone";
		};
/* End PBXShellScriptBuildPhase section */

/* Begin PBXSourcesBuildPhase section */
		821FC4DA1E78F08800A64E94 /* Sources */ = {
			isa = PBXSourcesBuildPhase;
			buildActionMask = 2147483647;
			files = (
				821FC4EA1E78F08800A64E94 /* OneWord.xcdatamodeld in Sources */,
				82E9DDB51EE0494B00689D02 /* MainService.swift in Sources */,
				82E9DDCA1EE6BA9B00689D02 /* WordView.swift in Sources */,
				82347E5D1F060347002D8024 /* ImageCreator.swift in Sources */,
				82E9DDD41EE7053E00689D02 /* CircularlyPagedScrollView.swift in Sources */,
				82E964781E86608B006449E9 /* Word.swift in Sources */,
				821FC4E21E78F08800A64E94 /* AppDelegate.swift in Sources */,
				82A923611EEEE6CB004937EA /* GuideViewController.swift in Sources */,
				824DFE5C1EA4DF47005911C2 /* MainViewController.swift in Sources */,
				8224D4F91EEBD6B900FF593B /* PaintView.swift in Sources */,
				8224D4FE1EEBED6F00FF593B /* AboutViewControler.swift in Sources */,
			);
			runOnlyForDeploymentPostprocessing = 0;
		};
		821FC4F11E78F08800A64E94 /* Sources */ = {
			isa = PBXSourcesBuildPhase;
			buildActionMask = 2147483647;
			files = (
				82E9DDBF1EE04C5400689D02 /* MainServiceTests.swift in Sources */,
				821FC4FA1E78F08800A64E94 /* OneWordTests.swift in Sources */,
				82E9DDCB1EE6BA9B00689D02 /* WordView.swift in Sources */,
				82347E5E1F060347002D8024 /* ImageCreator.swift in Sources */,
				82E9DDD51EE7053E00689D02 /* CircularlyPagedScrollView.swift in Sources */,
				82E964791E86608B006449E9 /* Word.swift in Sources */,
				82E9DDB61EE0494B00689D02 /* MainService.swift in Sources */,
				82A923621EEEE6CB004937EA /* GuideViewController.swift in Sources */,
				82E9DDBA1EE049A600689D02 /* MainViewController.swift in Sources */,
				8224D4FA1EEBD6B900FF593B /* PaintView.swift in Sources */,
				8224D4FF1EEBED6F00FF593B /* AboutViewControler.swift in Sources */,
			);
			runOnlyForDeploymentPostprocessing = 0;
		};
		821FC4FC1E78F08800A64E94 /* Sources */ = {
			isa = PBXSourcesBuildPhase;
			buildActionMask = 2147483647;
			files = (
				82E9DDB91EE049A500689D02 /* MainViewController.swift in Sources */,
				82E9DDCC1EE6BA9B00689D02 /* WordView.swift in Sources */,
				82A923631EEEE6CB004937EA /* GuideViewController.swift in Sources */,
				82E9DDB71EE0494B00689D02 /* MainService.swift in Sources */,
				82347E5F1F077C5C002D8024 /* ImageCreator.swift in Sources */,
				82E9DDC21EE04C9800689D02 /* Word.swift in Sources */,
				821FC5051E78F08800A64E94 /* OneWordUITests.swift in Sources */,
				8224D5001EEBED6F00FF593B /* AboutViewControler.swift in Sources */,
				8224D4FB1EEBD6B900FF593B /* PaintView.swift in Sources */,
				82E9DDD61EE7053E00689D02 /* CircularlyPagedScrollView.swift in Sources */,
			);
			runOnlyForDeploymentPostprocessing = 0;
		};
		82E9645E1E8658A3006449E9 /* Sources */ = {
			isa = PBXSourcesBuildPhase;
			buildActionMask = 2147483647;
			files = (
				82E9DDCD1EE6BA9B00689D02 /* WordView.swift in Sources */,
				824DFE531EA4DE8E005911C2 /* Word.swift in Sources */,
				82E9DDB81EE0494B00689D02 /* MainService.swift in Sources */,
				82E964681E8658A3006449E9 /* TodayViewController.swift in Sources */,
				82E9DDD71EE7053E00689D02 /* CircularlyPagedScrollView.swift in Sources */,
			);
			runOnlyForDeploymentPostprocessing = 0;
		};
/* End PBXSourcesBuildPhase section */

/* Begin PBXTargetDependency section */
		821FC4F71E78F08800A64E94 /* PBXTargetDependency */ = {
			isa = PBXTargetDependency;
			target = 821FC4DD1E78F08800A64E94 /* OneWord */;
			targetProxy = 821FC4F61E78F08800A64E94 /* PBXContainerItemProxy */;
		};
		821FC5021E78F08800A64E94 /* PBXTargetDependency */ = {
			isa = PBXTargetDependency;
			target = 821FC4DD1E78F08800A64E94 /* OneWord */;
			targetProxy = 821FC5011E78F08800A64E94 /* PBXContainerItemProxy */;
		};
		82E9646E1E8658A3006449E9 /* PBXTargetDependency */ = {
			isa = PBXTargetDependency;
			target = 82E964611E8658A3006449E9 /* OneWordTodayExtenstion */;
			targetProxy = 82E9646D1E8658A3006449E9 /* PBXContainerItemProxy */;
		};
/* End PBXTargetDependency section */

/* Begin PBXVariantGroup section */
		821FC4E51E78F08800A64E94 /* Main.storyboard */ = {
			isa = PBXVariantGroup;
			children = (
				821FC4E61E78F08800A64E94 /* Base */,
			);
			name = Main.storyboard;
			sourceTree = "<group>";
		};
		821FC4ED1E78F08800A64E94 /* LaunchScreen.storyboard */ = {
			isa = PBXVariantGroup;
			children = (
				821FC4EE1E78F08800A64E94 /* Base */,
			);
			name = LaunchScreen.storyboard;
			sourceTree = "<group>";
		};
		82E964691E8658A3006449E9 /* MainInterface.storyboard */ = {
			isa = PBXVariantGroup;
			children = (
				82E9646A1E8658A3006449E9 /* Base */,
			);
			name = MainInterface.storyboard;
			sourceTree = "<group>";
		};
/* End PBXVariantGroup section */

/* Begin XCBuildConfiguration section */
		821FC5071E78F08800A64E94 /* Debug */ = {
			isa = XCBuildConfiguration;
			buildSettings = {
				ALWAYS_SEARCH_USER_PATHS = NO;
				CLANG_ANALYZER_NONNULL = YES;
				CLANG_CXX_LANGUAGE_STANDARD = "gnu++0x";
				CLANG_CXX_LIBRARY = "libc++";
				CLANG_ENABLE_MODULES = YES;
				CLANG_ENABLE_OBJC_ARC = YES;
				CLANG_WARN_BOOL_CONVERSION = YES;
				CLANG_WARN_CONSTANT_CONVERSION = YES;
				CLANG_WARN_DIRECT_OBJC_ISA_USAGE = YES_ERROR;
				CLANG_WARN_DOCUMENTATION_COMMENTS = YES;
				CLANG_WARN_EMPTY_BODY = YES;
				CLANG_WARN_ENUM_CONVERSION = YES;
				CLANG_WARN_INFINITE_RECURSION = YES;
				CLANG_WARN_INT_CONVERSION = YES;
				CLANG_WARN_OBJC_ROOT_CLASS = YES_ERROR;
				CLANG_WARN_SUSPICIOUS_MOVE = YES;
				CLANG_WARN_UNREACHABLE_CODE = YES;
				CLANG_WARN__DUPLICATE_METHOD_MATCH = YES;
				"CODE_SIGN_IDENTITY[sdk=iphoneos*]" = "iPhone Developer";
				COPY_PHASE_STRIP = NO;
				DEBUG_INFORMATION_FORMAT = dwarf;
				ENABLE_STRICT_OBJC_MSGSEND = YES;
				ENABLE_TESTABILITY = YES;
				GCC_C_LANGUAGE_STANDARD = gnu99;
				GCC_DYNAMIC_NO_PIC = NO;
				GCC_NO_COMMON_BLOCKS = YES;
				GCC_OPTIMIZATION_LEVEL = 0;
				GCC_PREPROCESSOR_DEFINITIONS = (
					"DEBUG=1",
					"$(inherited)",
				);
				GCC_WARN_64_TO_32_BIT_CONVERSION = YES;
				GCC_WARN_ABOUT_RETURN_TYPE = YES_ERROR;
				GCC_WARN_UNDECLARED_SELECTOR = YES;
				GCC_WARN_UNINITIALIZED_AUTOS = YES_AGGRESSIVE;
				GCC_WARN_UNUSED_FUNCTION = YES;
				GCC_WARN_UNUSED_VARIABLE = YES;
				IPHONEOS_DEPLOYMENT_TARGET = 10.2;
				MTL_ENABLE_DEBUG_INFO = YES;
				ONLY_ACTIVE_ARCH = YES;
				SDKROOT = iphoneos;
				SWIFT_ACTIVE_COMPILATION_CONDITIONS = DEBUG;
				SWIFT_OPTIMIZATION_LEVEL = "-Onone";
				TARGETED_DEVICE_FAMILY = "1,2";
			};
			name = Debug;
		};
		821FC5081E78F08800A64E94 /* Release */ = {
			isa = XCBuildConfiguration;
			buildSettings = {
				ALWAYS_SEARCH_USER_PATHS = NO;
				CLANG_ANALYZER_NONNULL = YES;
				CLANG_CXX_LANGUAGE_STANDARD = "gnu++0x";
				CLANG_CXX_LIBRARY = "libc++";
				CLANG_ENABLE_MODULES = YES;
				CLANG_ENABLE_OBJC_ARC = YES;
				CLANG_WARN_BOOL_CONVERSION = YES;
				CLANG_WARN_CONSTANT_CONVERSION = YES;
				CLANG_WARN_DIRECT_OBJC_ISA_USAGE = YES_ERROR;
				CLANG_WARN_DOCUMENTATION_COMMENTS = YES;
				CLANG_WARN_EMPTY_BODY = YES;
				CLANG_WARN_ENUM_CONVERSION = YES;
				CLANG_WARN_INFINITE_RECURSION = YES;
				CLANG_WARN_INT_CONVERSION = YES;
				CLANG_WARN_OBJC_ROOT_CLASS = YES_ERROR;
				CLANG_WARN_SUSPICIOUS_MOVE = YES;
				CLANG_WARN_UNREACHABLE_CODE = YES;
				CLANG_WARN__DUPLICATE_METHOD_MATCH = YES;
				"CODE_SIGN_IDENTITY[sdk=iphoneos*]" = "iPhone Developer";
				COPY_PHASE_STRIP = NO;
				DEBUG_INFORMATION_FORMAT = "dwarf-with-dsym";
				ENABLE_NS_ASSERTIONS = NO;
				ENABLE_STRICT_OBJC_MSGSEND = YES;
				GCC_C_LANGUAGE_STANDARD = gnu99;
				GCC_NO_COMMON_BLOCKS = YES;
				GCC_WARN_64_TO_32_BIT_CONVERSION = YES;
				GCC_WARN_ABOUT_RETURN_TYPE = YES_ERROR;
				GCC_WARN_UNDECLARED_SELECTOR = YES;
				GCC_WARN_UNINITIALIZED_AUTOS = YES_AGGRESSIVE;
				GCC_WARN_UNUSED_FUNCTION = YES;
				GCC_WARN_UNUSED_VARIABLE = YES;
				IPHONEOS_DEPLOYMENT_TARGET = 10.2;
				MTL_ENABLE_DEBUG_INFO = NO;
				SDKROOT = iphoneos;
				SWIFT_OPTIMIZATION_LEVEL = "-Owholemodule";
				TARGETED_DEVICE_FAMILY = "1,2";
				VALIDATE_PRODUCT = YES;
			};
			name = Release;
		};
		821FC50A1E78F08800A64E94 /* Debug */ = {
			isa = XCBuildConfiguration;
			buildSettings = {
				ALWAYS_EMBED_SWIFT_STANDARD_LIBRARIES = YES;
				ASSETCATALOG_COMPILER_APPICON_NAME = AppIcon;
				ASSETCATALOG_COMPILER_LAUNCHIMAGE_NAME = LaunchImage;
				CODE_SIGN_ENTITLEMENTS = OneWord/OneWord.entitlements;
				DEVELOPMENT_TEAM = XD7JAMNS86;
				ENABLE_BITCODE = NO;
				FRAMEWORK_SEARCH_PATHS = (
					"$(inherited)",
					"$(PROJECT_DIR)",
					"$(PROJECT_DIR)/Carthage/Build/iOS",
					"$(PROJECT_DIR)/Frameworks",
				);
				INFOPLIST_FILE = OneWord/Info.plist;
				LD_RUNPATH_SEARCH_PATHS = "$(inherited) @executable_path/Frameworks";
				OTHER_LDFLAGS = "-ObjC";
				PRODUCT_BUNDLE_IDENTIFIER = com.easystudio.rememberword;
				PRODUCT_NAME = "$(TARGET_NAME)";
				SWIFT_OBJC_BRIDGING_HEADER = "OneWord/OneWord-Bridging-Header.h";
				SWIFT_VERSION = 3.0;
			};
			name = Debug;
		};
		821FC50B1E78F08800A64E94 /* Release */ = {
			isa = XCBuildConfiguration;
			buildSettings = {
				ALWAYS_EMBED_SWIFT_STANDARD_LIBRARIES = YES;
				ASSETCATALOG_COMPILER_APPICON_NAME = AppIcon;
				ASSETCATALOG_COMPILER_LAUNCHIMAGE_NAME = LaunchImage;
				CODE_SIGN_ENTITLEMENTS = OneWord/OneWord.entitlements;
				DEVELOPMENT_TEAM = XD7JAMNS86;
				ENABLE_BITCODE = NO;
				FRAMEWORK_SEARCH_PATHS = (
					"$(inherited)",
					"$(PROJECT_DIR)",
					"$(PROJECT_DIR)/Carthage/Build/iOS",
					"$(PROJECT_DIR)/Frameworks",
				);
				INFOPLIST_FILE = OneWord/Info.plist;
				LD_RUNPATH_SEARCH_PATHS = "$(inherited) @executable_path/Frameworks";
				OTHER_LDFLAGS = "-ObjC";
				PRODUCT_BUNDLE_IDENTIFIER = com.easystudio.rememberword;
				PRODUCT_NAME = "$(TARGET_NAME)";
				SWIFT_OBJC_BRIDGING_HEADER = "OneWord/OneWord-Bridging-Header.h";
				SWIFT_VERSION = 3.0;
			};
			name = Release;
		};
		821FC50D1E78F08800A64E94 /* Debug */ = {
			isa = XCBuildConfiguration;
			buildSettings = {
				ALWAYS_EMBED_SWIFT_STANDARD_LIBRARIES = YES;
				BUNDLE_LOADER = "$(TEST_HOST)";
				DEVELOPMENT_TEAM = XD7JAMNS86;
				FRAMEWORK_SEARCH_PATHS = (
					"$(inherited)",
					"$(PROJECT_DIR)/Carthage/Build/iOS",
					"$(PROJECT_DIR)",
					"$(PROJECT_DIR)/Frameworks",
				);
				INFOPLIST_FILE = OneWordTests/Info.plist;
				LD_RUNPATH_SEARCH_PATHS = "$(inherited) @executable_path/Frameworks @loader_path/Frameworks";
				PRODUCT_BUNDLE_IDENTIFIER = com.woodystudio.OneWordTests;
				PRODUCT_NAME = "$(TARGET_NAME)";
				SWIFT_VERSION = 3.0;
				TEST_HOST = "$(BUILT_PRODUCTS_DIR)/OneWord.app/OneWord";
			};
			name = Debug;
		};
		821FC50E1E78F08800A64E94 /* Release */ = {
			isa = XCBuildConfiguration;
			buildSettings = {
				ALWAYS_EMBED_SWIFT_STANDARD_LIBRARIES = YES;
				BUNDLE_LOADER = "$(TEST_HOST)";
				DEVELOPMENT_TEAM = XD7JAMNS86;
				FRAMEWORK_SEARCH_PATHS = (
					"$(inherited)",
					"$(PROJECT_DIR)/Carthage/Build/iOS",
					"$(PROJECT_DIR)",
					"$(PROJECT_DIR)/Frameworks",
				);
				INFOPLIST_FILE = OneWordTests/Info.plist;
				LD_RUNPATH_SEARCH_PATHS = "$(inherited) @executable_path/Frameworks @loader_path/Frameworks";
				PRODUCT_BUNDLE_IDENTIFIER = com.woodystudio.OneWordTests;
				PRODUCT_NAME = "$(TARGET_NAME)";
				SWIFT_VERSION = 3.0;
				TEST_HOST = "$(BUILT_PRODUCTS_DIR)/OneWord.app/OneWord";
			};
			name = Release;
		};
		821FC5101E78F08800A64E94 /* Debug */ = {
			isa = XCBuildConfiguration;
			buildSettings = {
				ALWAYS_EMBED_SWIFT_STANDARD_LIBRARIES = YES;
				DEVELOPMENT_TEAM = XD7JAMNS86;
				FRAMEWORK_SEARCH_PATHS = (
					"$(inherited)",
					"$(PROJECT_DIR)/Carthage/Build/iOS",
					"$(PROJECT_DIR)",
					"$(PROJECT_DIR)/Frameworks",
				);
				INFOPLIST_FILE = OneWordUITests/Info.plist;
				LD_RUNPATH_SEARCH_PATHS = "$(inherited) @executable_path/Frameworks @loader_path/Frameworks";
				PRODUCT_BUNDLE_IDENTIFIER = com.woodystudio.OneWordUITests;
				PRODUCT_NAME = "$(TARGET_NAME)";
				SWIFT_VERSION = 3.0;
				TEST_TARGET_NAME = OneWord;
			};
			name = Debug;
		};
		821FC5111E78F08800A64E94 /* Release */ = {
			isa = XCBuildConfiguration;
			buildSettings = {
				ALWAYS_EMBED_SWIFT_STANDARD_LIBRARIES = YES;
				DEVELOPMENT_TEAM = XD7JAMNS86;
				FRAMEWORK_SEARCH_PATHS = (
					"$(inherited)",
					"$(PROJECT_DIR)/Carthage/Build/iOS",
					"$(PROJECT_DIR)",
					"$(PROJECT_DIR)/Frameworks",
				);
				INFOPLIST_FILE = OneWordUITests/Info.plist;
				LD_RUNPATH_SEARCH_PATHS = "$(inherited) @executable_path/Frameworks @loader_path/Frameworks";
				PRODUCT_BUNDLE_IDENTIFIER = com.woodystudio.OneWordUITests;
				PRODUCT_NAME = "$(TARGET_NAME)";
				SWIFT_VERSION = 3.0;
				TEST_TARGET_NAME = OneWord;
			};
			name = Release;
		};
		82E964701E8658A3006449E9 /* Debug */ = {
			isa = XCBuildConfiguration;
			buildSettings = {
				CODE_SIGN_ENTITLEMENTS = OneWordTodayExtenstion/OneWordTodayExtenstion.entitlements;
				DEVELOPMENT_TEAM = XD7JAMNS86;
				ENABLE_BITCODE = NO;
				FRAMEWORK_SEARCH_PATHS = (
					"$(inherited)",
					"$(PROJECT_DIR)/Carthage/Build/iOS",
				);
				INFOPLIST_FILE = OneWordTodayExtenstion/Info.plist;
				LD_RUNPATH_SEARCH_PATHS = "$(inherited) @executable_path/Frameworks @executable_path/../../Frameworks";
				PRODUCT_BUNDLE_IDENTIFIER = com.easystudio.rememberword.OneWordTodayExtenstion;
				PRODUCT_NAME = "$(TARGET_NAME)";
				SKIP_INSTALL = YES;
				SWIFT_VERSION = 3.0;
			};
			name = Debug;
		};
		82E964711E8658A3006449E9 /* Release */ = {
			isa = XCBuildConfiguration;
			buildSettings = {
				CODE_SIGN_ENTITLEMENTS = OneWordTodayExtenstion/OneWordTodayExtenstion.entitlements;
				DEVELOPMENT_TEAM = XD7JAMNS86;
				ENABLE_BITCODE = NO;
				FRAMEWORK_SEARCH_PATHS = (
					"$(inherited)",
					"$(PROJECT_DIR)/Carthage/Build/iOS",
				);
				INFOPLIST_FILE = OneWordTodayExtenstion/Info.plist;
				LD_RUNPATH_SEARCH_PATHS = "$(inherited) @executable_path/Frameworks @executable_path/../../Frameworks";
				PRODUCT_BUNDLE_IDENTIFIER = com.easystudio.rememberword.OneWordTodayExtenstion;
				PRODUCT_NAME = "$(TARGET_NAME)";
				SKIP_INSTALL = YES;
				SWIFT_VERSION = 3.0;
			};
			name = Release;
		};
/* End XCBuildConfiguration section */

/* Begin XCConfigurationList section */
		821FC4D91E78F08800A64E94 /* Build configuration list for PBXProject "OneWord" */ = {
			isa = XCConfigurationList;
			buildConfigurations = (
				821FC5071E78F08800A64E94 /* Debug */,
				821FC5081E78F08800A64E94 /* Release */,
			);
			defaultConfigurationIsVisible = 0;
			defaultConfigurationName = Release;
		};
		821FC5091E78F08800A64E94 /* Build configuration list for PBXNativeTarget "OneWord" */ = {
			isa = XCConfigurationList;
			buildConfigurations = (
				821FC50A1E78F08800A64E94 /* Debug */,
				821FC50B1E78F08800A64E94 /* Release */,
			);
			defaultConfigurationIsVisible = 0;
			defaultConfigurationName = Release;
		};
		821FC50C1E78F08800A64E94 /* Build configuration list for PBXNativeTarget "OneWordTests" */ = {
			isa = XCConfigurationList;
			buildConfigurations = (
				821FC50D1E78F08800A64E94 /* Debug */,
				821FC50E1E78F08800A64E94 /* Release */,
			);
			defaultConfigurationIsVisible = 0;
			defaultConfigurationName = Release;
		};
		821FC50F1E78F08800A64E94 /* Build configuration list for PBXNativeTarget "OneWordUITests" */ = {
			isa = XCConfigurationList;
			buildConfigurations = (
				821FC5101E78F08800A64E94 /* Debug */,
				821FC5111E78F08800A64E94 /* Release */,
			);
			defaultConfigurationIsVisible = 0;
			defaultConfigurationName = Release;
		};
		82E964721E8658A3006449E9 /* Build configuration list for PBXNativeTarget "OneWordTodayExtenstion" */ = {
			isa = XCConfigurationList;
			buildConfigurations = (
				82E964701E8658A3006449E9 /* Debug */,
				82E964711E8658A3006449E9 /* Release */,
			);
			defaultConfigurationIsVisible = 0;
			defaultConfigurationName = Release;
		};
/* End XCConfigurationList section */

/* Begin XCVersionGroup section */
		821FC4E81E78F08800A64E94 /* OneWord.xcdatamodeld */ = {
			isa = XCVersionGroup;
			children = (
				821FC4E91E78F08800A64E94 /* OneWord.xcdatamodel */,
			);
			currentVersion = 821FC4E91E78F08800A64E94 /* OneWord.xcdatamodel */;
			path = OneWord.xcdatamodeld;
			sourceTree = "<group>";
			versionGroupType = wrapper.xcdatamodel;
		};
/* End XCVersionGroup section */
	};
	rootObject = 821FC4D61E78F08800A64E94 /* Project object */;
}
